
Microsoft Visual Studio Solution File, Format Version 12.00
# Visual Studio Version 17
VisualStudioVersion = 17.4.33103.184
MinimumVisualStudioVersion = 10.0.40219.1
Project("{FAE04EC0-301F-11D3-BF4B-00C04F79EFBC}") = "HPFreecam", "HPFreecam.csproj", "{9E91F2C7-3A96-48A7-A0A2-4EAE05A28091}"
EndProject
Global
	GlobalSection(SolutionConfigurationPlatforms) = preSolution
		Debug|Any CPU = Debug|Any CPU
		Debug|x64 = Debug|x64
		Release|Any CPU = Release|Any CPU
		Release|x64 = Release|x64
	EndGlobalSection
	GlobalSection(ProjectConfigurationPlatforms) = postSolution
		{9E91F2C7-3A96-48A7-A0A2-4EAE05A28091}.Debug|Any CPU.ActiveCfg = Debug|Any CPU
		{9E91F2C7-3A96-48A7-A0A2-4EAE05A28091}.Debug|Any CPU.Build.0 = Debug|Any CPU
		{9E91F2C7-3A96-48A7-A0A2-4EAE05A28091}.Debug|x64.ActiveCfg = Debug|x64
		{9E91F2C7-3A96-48A7-A0A2-4EAE05A28091}.Debug|x64.Build.0 = Debug|x64
		{9E91F2C7-3A96-48A7-A0A2-4EAE05A28091}.Release|Any CPU.ActiveCfg = Release|Any CPU
		{9E91F2C7-3A96-48A7-A0A2-4EAE05A28091}.Release|Any CPU.Build.0 = Release|Any CPU
		{9E91F2C7-3A96-48A7-A0A2-4EAE05A28091}.Release|x64.ActiveCfg = Release|x64
		{9E91F2C7-3A96-48A7-A0A2-4EAE05A28091}.Release|x64.Build.0 = Release|x64
	EndGlobalSection
	GlobalSection(SolutionProperties) = preSolution
		HideSolutionNode = FALSE
	EndGlobalSection
	GlobalSection(ExtensibilityGlobals) = postSolution
		SolutionGuid = {77CD389C-8493-4D50-958F-1E9CA89178C0}
	EndGlobalSection
EndGlobal
